
Microsoft Visual Studio Solution File, Format Version 12.00
# Visual Studio 2013
VisualStudioVersion = 12.0.31101.0
MinimumVisualStudioVersion = 10.0.40219.1
Project("{2150E333-8FDC-42A3-9474-1A3956D46DE8}") = "Services", "Services", "{68C121AB-E8A3-4C99-AE77-0736892726C8}"
EndProject
Project("{2150E333-8FDC-42A3-9474-1A3956D46DE8}") = "Tests", "Tests", "{4CAF7161-F000-4A22-8027-463F12EEA52D}"
EndProject
Project("{FAE04EC0-301F-11D3-BF4B-00C04F79EFBC}") = "Service.HexFile", "Services\Service.HexFile\Service.HexFile.csproj", "{CD2590FC-A78C-4BB4-A318-9F29A8707A99}"
EndProject
Project("{FAE04EC0-301F-11D3-BF4B-00C04F79EFBC}") = "BootMega.UnitTests", "Tests\BootMega.UnitTests\BootMega.UnitTests.csproj", "{06F19353-E6A0-4B41-A631-51384E3C705C}"
EndProject
Project("{FAE04EC0-301F-11D3-BF4B-00C04F79EFBC}") = "Service.Settings", "Services\Service.Settings\Service.Settings.csproj", "{0DD8233A-64DC-48E1-BEEB-47845884435A}"
EndProject
Project("{FAE04EC0-301F-11D3-BF4B-00C04F79EFBC}") = "Service.Logging", "Services\Service.Logging\Service.Logging.csproj", "{25B88944-4908-4967-B5C2-E73F1F370676}"
EndProject
Project("{FAE04EC0-301F-11D3-BF4B-00C04F79EFBC}") = "Service.IO", "Services\Service.IO\Service.IO.csproj", "{916EFBE0-53D7-4DFA-8A5F-471156F050D3}"
EndProject
Project("{FAE04EC0-301F-11D3-BF4B-00C04F79EFBC}") = "BootMega.Interaction", "BootMega.Interaction\BootMega.Interaction.csproj", "{D4F0F357-39B3-45EC-BE4C-413F24023606}"
EndProject
Project("{FAE04EC0-301F-11D3-BF4B-00C04F79EFBC}") = "BootMega.Mvvm", "BootMega.Mvvm\BootMega.Mvvm.csproj", "{48F6B21A-AB5E-4D4C-B160-70EEBC31740F}"
EndProject
Project("{FAE04EC0-301F-11D3-BF4B-00C04F79EFBC}") = "BootMega.Theme", "BootMega.Theme\BootMega.Theme.csproj", "{C05321EC-AFB5-4D51-B782-1BB4854CEBF5}"
EndProject
Project("{2150E333-8FDC-42A3-9474-1A3956D46DE8}") = "Modules", "Modules", "{136595D2-9F7E-40B8-B28B-59AE2B16603B}"
EndProject
Project("{FAE04EC0-301F-11D3-BF4B-00C04F79EFBC}") = "Module.HexFile", "Modules\Module.HexFile\Module.HexFile.csproj", "{5AE56F8A-F15E-4FB0-9DA8-8F21EA704A1F}"
EndProject
Project("{FAE04EC0-301F-11D3-BF4B-00C04F79EFBC}") = "Module.Menu", "Modules\Module.Menu\Module.Menu.csproj", "{73D59F39-7A5A-4C7E-886A-87F6C45BE8CB}"
EndProject
Project("{FAE04EC0-301F-11D3-BF4B-00C04F79EFBC}") = "Module.Settings", "Modules\Module.Settings\Module.Settings.csproj", "{65F9E1D2-C119-4B3C-A8BF-5DE93813467E}"
EndProject
Project("{FAE04EC0-301F-11D3-BF4B-00C04F79EFBC}") = "Module.StatusBar", "Modules\Module.StatusBar\Module.StatusBar.csproj", "{F77D1EA9-0BB0-4C56-8EC9-48875E136F56}"
EndProject
Project("{FAE04EC0-301F-11D3-BF4B-00C04F79EFBC}") = "BootMega", "BootMega\BootMega.csproj", "{EC426DCA-5943-4396-B899-F6377B970C40}"
EndProject
Project("{FAE04EC0-301F-11D3-BF4B-00C04F79EFBC}") = "Module.IO", "Modules\Module.IO\Module.IO.csproj", "{6A43EEC3-6891-4553-9E29-8413C816D075}"
EndProject
Project("{FAE04EC0-301F-11D3-BF4B-00C04F79EFBC}") = "BootMega.IO.Imitation", "Tests\BootMega.IO.Imitation\BootMega.IO.Imitation.csproj", "{E4E7487D-ECB4-462E-B609-9629CEA5ED2B}"
EndProject
Global
	GlobalSection(SolutionConfigurationPlatforms) = preSolution
		Debug|Any CPU = Debug|Any CPU
		Release|Any CPU = Release|Any CPU
	EndGlobalSection
	GlobalSection(ProjectConfigurationPlatforms) = postSolution
		{CD2590FC-A78C-4BB4-A318-9F29A8707A99}.Debug|Any CPU.ActiveCfg = Debug|Any CPU
		{CD2590FC-A78C-4BB4-A318-9F29A8707A99}.Debug|Any CPU.Build.0 = Debug|Any CPU
		{CD2590FC-A78C-4BB4-A318-9F29A8707A99}.Release|Any CPU.ActiveCfg = Release|Any CPU
		{CD2590FC-A78C-4BB4-A318-9F29A8707A99}.Release|Any CPU.Build.0 = Release|Any CPU
		{06F19353-E6A0-4B41-A631-51384E3C705C}.Debug|Any CPU.ActiveCfg = Debug|Any CPU
		{06F19353-E6A0-4B41-A631-51384E3C705C}.Debug|Any CPU.Build.0 = Debug|Any CPU
		{06F19353-E6A0-4B41-A631-51384E3C705C}.Release|Any CPU.ActiveCfg = Release|Any CPU
		{06F19353-E6A0-4B41-A631-51384E3C705C}.Release|Any CPU.Build.0 = Release|Any CPU
		{0DD8233A-64DC-48E1-BEEB-47845884435A}.Debug|Any CPU.ActiveCfg = Debug|Any CPU
		{0DD8233A-64DC-48E1-BEEB-47845884435A}.Debug|Any CPU.Build.0 = Debug|Any CPU
		{0DD8233A-64DC-48E1-BEEB-47845884435A}.Release|Any CPU.ActiveCfg = Release|Any CPU
		{0DD8233A-64DC-48E1-BEEB-47845884435A}.Release|Any CPU.Build.0 = Release|Any CPU
		{25B88944-4908-4967-B5C2-E73F1F370676}.Debug|Any CPU.ActiveCfg = Debug|Any CPU
		{25B88944-4908-4967-B5C2-E73F1F370676}.Debug|Any CPU.Build.0 = Debug|Any CPU
		{25B88944-4908-4967-B5C2-E73F1F370676}.Release|Any CPU.ActiveCfg = Release|Any CPU
		{25B88944-4908-4967-B5C2-E73F1F370676}.Release|Any CPU.Build.0 = Release|Any CPU
		{916EFBE0-53D7-4DFA-8A5F-471156F050D3}.Debug|Any CPU.ActiveCfg = Debug|Any CPU
		{916EFBE0-53D7-4DFA-8A5F-471156F050D3}.Debug|Any CPU.Build.0 = Debug|Any CPU
		{916EFBE0-53D7-4DFA-8A5F-471156F050D3}.Release|Any CPU.ActiveCfg = Release|Any CPU
		{916EFBE0-53D7-4DFA-8A5F-471156F050D3}.Release|Any CPU.Build.0 = Release|Any CPU
		{D4F0F357-39B3-45EC-BE4C-413F24023606}.Debug|Any CPU.ActiveCfg = Debug|Any CPU
		{D4F0F357-39B3-45EC-BE4C-413F24023606}.Debug|Any CPU.Build.0 = Debug|Any CPU
		{D4F0F357-39B3-45EC-BE4C-413F24023606}.Release|Any CPU.ActiveCfg = Release|Any CPU
		{D4F0F357-39B3-45EC-BE4C-413F24023606}.Release|Any CPU.Build.0 = Release|Any CPU
		{48F6B21A-AB5E-4D4C-B160-70EEBC31740F}.Debug|Any CPU.ActiveCfg = Debug|Any CPU
		{48F6B21A-AB5E-4D4C-B160-70EEBC31740F}.Debug|Any CPU.Build.0 = Debug|Any CPU
		{48F6B21A-AB5E-4D4C-B160-70EEBC31740F}.Release|Any CPU.ActiveCfg = Release|Any CPU
		{48F6B21A-AB5E-4D4C-B160-70EEBC31740F}.Release|Any CPU.Build.0 = Release|Any CPU
		{C05321EC-AFB5-4D51-B782-1BB4854CEBF5}.Debug|Any CPU.ActiveCfg = Debug|Any CPU
		{C05321EC-AFB5-4D51-B782-1BB4854CEBF5}.Debug|Any CPU.Build.0 = Debug|Any CPU
		{C05321EC-AFB5-4D51-B782-1BB4854CEBF5}.Release|Any CPU.ActiveCfg = Release|Any CPU
		{C05321EC-AFB5-4D51-B782-1BB4854CEBF5}.Release|Any CPU.Build.0 = Release|Any CPU
		{5AE56F8A-F15E-4FB0-9DA8-8F21EA704A1F}.Debug|Any CPU.ActiveCfg = Debug|Any CPU
		{5AE56F8A-F15E-4FB0-9DA8-8F21EA704A1F}.Debug|Any CPU.Build.0 = Debug|Any CPU
		{5AE56F8A-F15E-4FB0-9DA8-8F21EA704A1F}.Release|Any CPU.ActiveCfg = Release|Any CPU
		{5AE56F8A-F15E-4FB0-9DA8-8F21EA704A1F}.Release|Any CPU.Build.0 = Release|Any CPU
		{73D59F39-7A5A-4C7E-886A-87F6C45BE8CB}.Debug|Any CPU.ActiveCfg = Debug|Any CPU
		{73D59F39-7A5A-4C7E-886A-87F6C45BE8CB}.Debug|Any CPU.Build.0 = Debug|Any CPU
		{73D59F39-7A5A-4C7E-886A-87F6C45BE8CB}.Release|Any CPU.ActiveCfg = Release|Any CPU
		{73D59F39-7A5A-4C7E-886A-87F6C45BE8CB}.Release|Any CPU.Build.0 = Release|Any CPU
		{65F9E1D2-C119-4B3C-A8BF-5DE93813467E}.Debug|Any CPU.ActiveCfg = Debug|Any CPU
		{65F9E1D2-C119-4B3C-A8BF-5DE93813467E}.Debug|Any CPU.Build.0 = Debug|Any CPU
		{65F9E1D2-C119-4B3C-A8BF-5DE93813467E}.Release|Any CPU.ActiveCfg = Release|Any CPU
		{65F9E1D2-C119-4B3C-A8BF-5DE93813467E}.Release|Any CPU.Build.0 = Release|Any CPU
		{F77D1EA9-0BB0-4C56-8EC9-48875E136F56}.Debug|Any CPU.ActiveCfg = Debug|Any CPU
		{F77D1EA9-0BB0-4C56-8EC9-48875E136F56}.Debug|Any CPU.Build.0 = Debug|Any CPU
		{F77D1EA9-0BB0-4C56-8EC9-48875E136F56}.Release|Any CPU.ActiveCfg = Release|Any CPU
		{F77D1EA9-0BB0-4C56-8EC9-48875E136F56}.Release|Any CPU.Build.0 = Release|Any CPU
		{EC426DCA-5943-4396-B899-F6377B970C40}.Debug|Any CPU.ActiveCfg = Debug|Any CPU
		{EC426DCA-5943-4396-B899-F6377B970C40}.Debug|Any CPU.Build.0 = Debug|Any CPU
		{EC426DCA-5943-4396-B899-F6377B970C40}.Release|Any CPU.ActiveCfg = Release|Any CPU
		{EC426DCA-5943-4396-B899-F6377B970C40}.Release|Any CPU.Build.0 = Release|Any CPU
		{6A43EEC3-6891-4553-9E29-8413C816D075}.Debug|Any CPU.ActiveCfg = Debug|Any CPU
		{6A43EEC3-6891-4553-9E29-8413C816D075}.Debug|Any CPU.Build.0 = Debug|Any CPU
		{6A43EEC3-6891-4553-9E29-8413C816D075}.Release|Any CPU.ActiveCfg = Release|Any CPU
		{6A43EEC3-6891-4553-9E29-8413C816D075}.Release|Any CPU.Build.0 = Release|Any CPU
		{E4E7487D-ECB4-462E-B609-9629CEA5ED2B}.Debug|Any CPU.ActiveCfg = Debug|Any CPU
		{E4E7487D-ECB4-462E-B609-9629CEA5ED2B}.Debug|Any CPU.Build.0 = Debug|Any CPU
		{E4E7487D-ECB4-462E-B609-9629CEA5ED2B}.Release|Any CPU.ActiveCfg = Release|Any CPU
		{E4E7487D-ECB4-462E-B609-9629CEA5ED2B}.Release|Any CPU.Build.0 = Release|Any CPU
	EndGlobalSection
	GlobalSection(SolutionProperties) = preSolution
		HideSolutionNode = FALSE
	EndGlobalSection
	GlobalSection(NestedProjects) = preSolution
		{CD2590FC-A78C-4BB4-A318-9F29A8707A99} = {68C121AB-E8A3-4C99-AE77-0736892726C8}
		{06F19353-E6A0-4B41-A631-51384E3C705C} = {4CAF7161-F000-4A22-8027-463F12EEA52D}
		{0DD8233A-64DC-48E1-BEEB-47845884435A} = {68C121AB-E8A3-4C99-AE77-0736892726C8}
		{25B88944-4908-4967-B5C2-E73F1F370676} = {68C121AB-E8A3-4C99-AE77-0736892726C8}
		{916EFBE0-53D7-4DFA-8A5F-471156F050D3} = {68C121AB-E8A3-4C99-AE77-0736892726C8}
		{5AE56F8A-F15E-4FB0-9DA8-8F21EA704A1F} = {136595D2-9F7E-40B8-B28B-59AE2B16603B}
		{73D59F39-7A5A-4C7E-886A-87F6C45BE8CB} = {136595D2-9F7E-40B8-B28B-59AE2B16603B}
		{65F9E1D2-C119-4B3C-A8BF-5DE93813467E} = {136595D2-9F7E-40B8-B28B-59AE2B16603B}
		{F77D1EA9-0BB0-4C56-8EC9-48875E136F56} = {136595D2-9F7E-40B8-B28B-59AE2B16603B}
		{6A43EEC3-6891-4553-9E29-8413C816D075} = {136595D2-9F7E-40B8-B28B-59AE2B16603B}
		{E4E7487D-ECB4-462E-B609-9629CEA5ED2B} = {4CAF7161-F000-4A22-8027-463F12EEA52D}
	EndGlobalSection
EndGlobal
